{
    "_readme": [
        "This file locks the dependencies of your project to a known state",
        "Read more about it at https://getcomposer.org/doc/01-basic-usage.md#installing-dependencies",
        "This file is @generated automatically"
    ],
    "content-hash": "c57eaf379fff10b8ca0bd998b3f53e39",
    "packages": [
        {
            "name": "deeplcom/deepl-php",
            "version": "v1.0.0",
            "source": {
                "type": "git",
                "url": "https://github.com/DeepLcom/deepl-php.git",
                "reference": "aa99b5a995fac9eb7a0facc56193929ce38388fc"
            },
            "dist": {
                "type": "zip",
                "url": "https://api.github.com/repos/DeepLcom/deepl-php/zipball/aa99b5a995fac9eb7a0facc56193929ce38388fc",
                "reference": "aa99b5a995fac9eb7a0facc56193929ce38388fc",
                "shasum": ""
            },
            "require": {
                "ext-curl": "*",
                "ext-json": "*",
                "ext-mbstring": "*",
                "php": ">=7.3.0"
            },
            "require-dev": {
                "friendsofphp/php-cs-fixer": "^3",
                "phpunit/phpunit": "^9",
                "ramsey/uuid": "^4.2",
                "squizlabs/php_codesniffer": "^3.3"
            },
            "type": "library",
            "autoload": {
                "psr-4": {
                    "DeepL\\": "src/"
                }
            },
            "notification-url": "https://packagist.org/downloads/",
            "license": [
                "MIT"
            ],
            "authors": [
                {
                    "name": "DeepL SE",
                    "email": "open-source@deepl.com"
                }
            ],
            "description": "Official DeepL API Client Library",
            "keywords": [
                "api",
                "deepl",
                "translation",
                "translator"
            ],
            "support": {
                "issues": "https://github.com/DeepLcom/deepl-php/issues",
                "source": "https://github.com/DeepLcom/deepl-php/tree/v1.0.0"
            },
            "time": "2022-09-08T14:46:28+00:00"
        },
        {
            "name": "league/flysystem",
            "version": "1.1.10",
            "source": {
                "type": "git",
                "url": "https://github.com/thephpleague/flysystem.git",
                "reference": "3239285c825c152bcc315fe0e87d6b55f5972ed1"
            },
            "dist": {
                "type": "zip",
                "url": "https://api.github.com/repos/thephpleague/flysystem/zipball/3239285c825c152bcc315fe0e87d6b55f5972ed1",
                "reference": "3239285c825c152bcc315fe0e87d6b55f5972ed1",
                "shasum": ""
            },
            "require": {
                "ext-fileinfo": "*",
                "league/mime-type-detection": "^1.3",
                "php": "^7.2.5 || ^8.0"
            },
            "conflict": {
                "league/flysystem-sftp": "<1.0.6"
            },
            "require-dev": {
                "phpspec/prophecy": "^1.11.1",
                "phpunit/phpunit": "^8.5.8"
            },
            "suggest": {
                "ext-ftp": "Allows you to use FTP server storage",
                "ext-openssl": "Allows you to use FTPS server storage",
                "league/flysystem-aws-s3-v2": "Allows you to use S3 storage with AWS SDK v2",
                "league/flysystem-aws-s3-v3": "Allows you to use S3 storage with AWS SDK v3",
                "league/flysystem-azure": "Allows you to use Windows Azure Blob storage",
                "league/flysystem-cached-adapter": "Flysystem adapter decorator for metadata caching",
                "league/flysystem-eventable-filesystem": "Allows you to use EventableFilesystem",
                "league/flysystem-rackspace": "Allows you to use Rackspace Cloud Files",
                "league/flysystem-sftp": "Allows you to use SFTP server storage via phpseclib",
                "league/flysystem-webdav": "Allows you to use WebDAV storage",
                "league/flysystem-ziparchive": "Allows you to use ZipArchive adapter",
                "spatie/flysystem-dropbox": "Allows you to use Dropbox storage",
                "srmklive/flysystem-dropbox-v2": "Allows you to use Dropbox storage for PHP 5 applications"
            },
            "type": "library",
            "extra": {
                "branch-alias": {
                    "dev-master": "1.1-dev"
                }
            },
            "autoload": {
                "psr-4": {
                    "League\\Flysystem\\": "src/"
                }
            },
            "notification-url": "https://packagist.org/downloads/",
            "license": [
                "MIT"
            ],
            "authors": [
                {
                    "name": "Frank de Jonge",
                    "email": "info@frenky.net"
                }
            ],
            "description": "Filesystem abstraction: Many filesystems, one API.",
            "keywords": [
                "Cloud Files",
                "WebDAV",
                "abstraction",
                "aws",
                "cloud",
                "copy.com",
                "dropbox",
                "file systems",
                "files",
                "filesystem",
                "filesystems",
                "ftp",
                "rackspace",
                "remote",
                "s3",
                "sftp",
                "storage"
            ],
            "support": {
                "issues": "https://github.com/thephpleague/flysystem/issues",
                "source": "https://github.com/thephpleague/flysystem/tree/1.1.10"
            },
            "funding": [
                {
                    "url": "https://offset.earth/frankdejonge",
                    "type": "other"
                }
            ],
            "time": "2022-10-04T09:16:37+00:00"
        },
        {
            "name": "league/mime-type-detection",
            "version": "1.11.0",
            "source": {
                "type": "git",
                "url": "https://github.com/thephpleague/mime-type-detection.git",
                "reference": "ff6248ea87a9f116e78edd6002e39e5128a0d4dd"
            },
            "dist": {
                "type": "zip",
                "url": "https://api.github.com/repos/thephpleague/mime-type-detection/zipball/ff6248ea87a9f116e78edd6002e39e5128a0d4dd",
                "reference": "ff6248ea87a9f116e78edd6002e39e5128a0d4dd",
                "shasum": ""
            },
            "require": {
                "ext-fileinfo": "*",
                "php": "^7.2 || ^8.0"
            },
            "require-dev": {
                "friendsofphp/php-cs-fixer": "^3.2",
                "phpstan/phpstan": "^0.12.68",
                "phpunit/phpunit": "^8.5.8 || ^9.3"
            },
            "type": "library",
            "autoload": {
                "psr-4": {
                    "League\\MimeTypeDetection\\": "src"
                }
            },
            "notification-url": "https://packagist.org/downloads/",
            "license": [
                "MIT"
            ],
            "authors": [
                {
                    "name": "Frank de Jonge",
                    "email": "info@frankdejonge.nl"
                }
            ],
            "description": "Mime-type detection for Flysystem",
            "support": {
                "issues": "https://github.com/thephpleague/mime-type-detection/issues",
                "source": "https://github.com/thephpleague/mime-type-detection/tree/1.11.0"
            },
            "funding": [
                {
                    "url": "https://github.com/frankdejonge",
                    "type": "github"
                },
                {
                    "url": "https://tidelift.com/funding/github/packagist/league/flysystem",
                    "type": "tidelift"
                }
            ],
            "time": "2022-04-17T13:12:02+00:00"
        },
        {
            "name": "pdsinterop/flysystem-nextcloud",
            "version": "v0.2.0",
            "source": {
                "type": "git",
                "url": "https://github.com/pdsinterop/flysystem-nextcloud.git",
                "reference": "f3d1f1546ea2ab6ab8839c87e950564d6624c867"
            },
            "dist": {
                "type": "zip",
                "url": "https://api.github.com/repos/pdsinterop/flysystem-nextcloud/zipball/f3d1f1546ea2ab6ab8839c87e950564d6624c867",
                "reference": "f3d1f1546ea2ab6ab8839c87e950564d6624c867",
                "shasum": ""
            },
            "require": {
                "ext-mbstring": "*",
                "league/flysystem": "^1.0",
                "php": "^8.0"
            },
            "require-dev": {
                "nextcloud/server": "*",
                "phpunit/phpunit": "^7|^8|^9"
            },
            "type": "library",
            "autoload": {
                "psr-4": {
                    "Pdsinterop\\Flysystem\\Adapter\\": "src/"
                }
            },
            "notification-url": "https://packagist.org/downloads/",
            "license": [
                "MIT"
            ],
            "description": "Flysystem adapter for the Nextcloud filesystem.",
            "support": {
                "issues": "https://github.com/pdsinterop/flysystem-nextcloud/issues",
                "source": "https://github.com/pdsinterop/flysystem-nextcloud/tree/v0.2.0"
            },
            "time": "2022-08-22T15:41:56+00:00"
        }
    ],
    "packages-dev": [],
    "aliases": [],
    "minimum-stability": "stable",
    "stability-flags": [],
    "prefer-stable": false,
    "prefer-lowest": false,
    "platform": [],
    "platform-dev": [],
    "plugin-api-version": "2.3.0"
}
